{
  "name": "app-custom-npm",
  "version": "1.0.0",
  "lockfileVersion": 3,
  "requires": true,
  "packages": {
    "": {
      "name": "app-custom-npm",
      "version": "1.0.0",
      "license": "ISC",
      "dependencies": {
        "ion-lib-sayantanpal100": "^1.0.0"
      }
    },
    "node_modules/ion-lib-sayantanpal100": {
      "version": "1.0.0",
      "resolved": "https://registry.npmjs.org/ion-lib-sayantanpal100/-/ion-lib-sayantanpal100-1.0.0.tgz",
      "integrity": "sha512-xwAAPwPWKgxZW/AK4SJjzTGhJBCtmAZehUAo42mQJ94W6h/nmlNLI9WDDPhlss5WEKmRLa9IsWvn8KlMh28Jpw==",
      "license": "ISC"
    }
  }
}
